// !$*UTF8*$!
{
	archiveVersion = 1;
	classes = {
	};
	objectVersion = 46;
	objects = {

/* Begin PBXBuildFile section */
		0E7B5E6CE3BC3F619572730D /* Pods_CloudServices.framework in Frameworks */ = {isa = PBXBuildFile; fileRef = 9DD52C1B02102F8ABB8A1F6F /* Pods_CloudServices.framework */; };
		7FC6BF4E2180CACB003A50E2 /* AppDelegate.swift in Sources */ = {isa = PBXBuildFile; fileRef = 7FC6BF4D2180CACB003A50E2 /* AppDelegate.swift */; };
		7FC6BF502180CACB003A50E2 /* ViewController.swift in Sources */ = {isa = PBXBuildFile; fileRef = 7FC6BF4F2180CACB003A50E2 /* ViewController.swift */; };
		7FC6BF532180CACB003A50E2 /* Main.storyboard in Resources */ = {isa = PBXBuildFile; fileRef = 7FC6BF512180CACB003A50E2 /* Main.storyboard */; };
		7FC6BF552180CACB003A50E2 /* Assets.xcassets in Resources */ = {isa = PBXBuildFile; fileRef = 7FC6BF542180CACB003A50E2 /* Assets.xcassets */; };
		7FC6BF582180CACB003A50E2 /* LaunchScreen.storyboard in Resources */ = {isa = PBXBuildFile; fileRef = 7FC6BF562180CACB003A50E2 /* LaunchScreen.storyboard */; };
		7FC6BF632180CACB003A50E2 /* CloudServicesTests.swift in Sources */ = {isa = PBXBuildFile; fileRef = 7FC6BF622180CACB003A50E2 /* CloudServicesTests.swift */; };
		7FC6BF6E2180CACB003A50E2 /* CloudServicesUITests.swift in Sources */ = {isa = PBXBuildFile; fileRef = 7FC6BF6D2180CACB003A50E2 /* CloudServicesUITests.swift */; };
		7FC6BF7C2180CDBF003A50E2 /* FilesDelegateDataSource.swift in Sources */ = {isa = PBXBuildFile; fileRef = 7FC6BF7B2180CDBE003A50E2 /* FilesDelegateDataSource.swift */; };
		7FC6BF7E2180D0F2003A50E2 /* DropboxFile.swift in Sources */ = {isa = PBXBuildFile; fileRef = 7FC6BF7D2180D0F2003A50E2 /* DropboxFile.swift */; };
		7FC6BF822180E4F5003A50E2 /* FilesTree.swift in Sources */ = {isa = PBXBuildFile; fileRef = 7FC6BF812180E4F5003A50E2 /* FilesTree.swift */; };
		7FC6BF842180EFC5003A50E2 /* FilesListViewController.swift in Sources */ = {isa = PBXBuildFile; fileRef = 7FC6BF832180EFC5003A50E2 /* FilesListViewController.swift */; };
		7FC91E992181E690008A156C /* CustomCheckbox.swift in Sources */ = {isa = PBXBuildFile; fileRef = 7FC91E982181E690008A156C /* CustomCheckbox.swift */; };
		7FC91E9D2181EDBA008A156C /* unchecked.png in Resources */ = {isa = PBXBuildFile; fileRef = 7FC91E9C2181EDBA008A156C /* unchecked.png */; };
		7FC91E9F2181EE2E008A156C /* checked.png in Resources */ = {isa = PBXBuildFile; fileRef = 7FC91E9E2181EE2E008A156C /* checked.png */; };
		7FC91EA12181F6F7008A156C /* FileViewController.swift in Sources */ = {isa = PBXBuildFile; fileRef = 7FC91EA02181F6F7008A156C /* FileViewController.swift */; };
		7FC91EA321826C8B008A156C /* SearchViewController.swift in Sources */ = {isa = PBXBuildFile; fileRef = 7FC91EA221826C8B008A156C /* SearchViewController.swift */; };
		7FC91EA521827873008A156C /* SearchDelegateDataSource.swift in Sources */ = {isa = PBXBuildFile; fileRef = 7FC91EA421827873008A156C /* SearchDelegateDataSource.swift */; };
		7FC91EA72182959D008A156C /* folder.png in Resources */ = {isa = PBXBuildFile; fileRef = 7FC91EA62182959D008A156C /* folder.png */; };
		7FC91EA92182980B008A156C /* dummyFile.jpg in Resources */ = {isa = PBXBuildFile; fileRef = 7FC91EA82182980B008A156C /* dummyFile.jpg */; };
/* End PBXBuildFile section */

/* Begin PBXContainerItemProxy section */
		7FC6BF5F2180CACB003A50E2 /* PBXContainerItemProxy */ = {
			isa = PBXContainerItemProxy;
			containerPortal = 7FC6BF422180CACB003A50E2 /* Project object */;
			proxyType = 1;
			remoteGlobalIDString = 7FC6BF492180CACB003A50E2;
			remoteInfo = CloudServices;
		};
		7FC6BF6A2180CACB003A50E2 /* PBXContainerItemProxy */ = {
			isa = PBXContainerItemProxy;
			containerPortal = 7FC6BF422180CACB003A50E2 /* Project object */;
			proxyType = 1;
			remoteGlobalIDString = 7FC6BF492180CACB003A50E2;
			remoteInfo = CloudServices;
		};
/* End PBXContainerItemProxy section */

/* Begin PBXFileReference section */
		0E21D4D7CCED4B3A1F1AF29E /* Pods-CloudServices.debug.xcconfig */ = {isa = PBXFileReference; includeInIndex = 1; lastKnownFileType = text.xcconfig; name = "Pods-CloudServices.debug.xcconfig"; path = "Pods/Target Support Files/Pods-CloudServices/Pods-CloudServices.debug.xcconfig"; sourceTree = "<group>"; };
		7FC6BF4A2180CACB003A50E2 /* CloudServices.app */ = {isa = PBXFileReference; explicitFileType = wrapper.application; includeInIndex = 0; path = CloudServices.app; sourceTree = BUILT_PRODUCTS_DIR; };
		7FC6BF4D2180CACB003A50E2 /* AppDelegate.swift */ = {isa = PBXFileReference; lastKnownFileType = sourcecode.swift; path = AppDelegate.swift; sourceTree = "<group>"; };
		7FC6BF4F2180CACB003A50E2 /* ViewController.swift */ = {isa = PBXFileReference; lastKnownFileType = sourcecode.swift; path = ViewController.swift; sourceTree = "<group>"; };
		7FC6BF522180CACB003A50E2 /* Base */ = {isa = PBXFileReference; lastKnownFileType = file.storyboard; name = Base; path = Base.lproj/Main.storyboard; sourceTree = "<group>"; };
		7FC6BF542180CACB003A50E2 /* Assets.xcassets */ = {isa = PBXFileReference; lastKnownFileType = folder.assetcatalog; path = Assets.xcassets; sourceTree = "<group>"; };
		7FC6BF572180CACB003A50E2 /* Base */ = {isa = PBXFileReference; lastKnownFileType = file.storyboard; name = Base; path = Base.lproj/LaunchScreen.storyboard; sourceTree = "<group>"; };
		7FC6BF592180CACB003A50E2 /* Info.plist */ = {isa = PBXFileReference; lastKnownFileType = text.plist.xml; path = Info.plist; sourceTree = "<group>"; };
		7FC6BF5E2180CACB003A50E2 /* CloudServicesTests.xctest */ = {isa = PBXFileReference; explicitFileType = wrapper.cfbundle; includeInIndex = 0; path = CloudServicesTests.xctest; sourceTree = BUILT_PRODUCTS_DIR; };
		7FC6BF622180CACB003A50E2 /* CloudServicesTests.swift */ = {isa = PBXFileReference; lastKnownFileType = sourcecode.swift; path = CloudServicesTests.swift; sourceTree = "<group>"; };
		7FC6BF642180CACB003A50E2 /* Info.plist */ = {isa = PBXFileReference; lastKnownFileType = text.plist.xml; path = Info.plist; sourceTree = "<group>"; };
		7FC6BF692180CACB003A50E2 /* CloudServicesUITests.xctest */ = {isa = PBXFileReference; explicitFileType = wrapper.cfbundle; includeInIndex = 0; path = CloudServicesUITests.xctest; sourceTree = BUILT_PRODUCTS_DIR; };
		7FC6BF6D2180CACB003A50E2 /* CloudServicesUITests.swift */ = {isa = PBXFileReference; lastKnownFileType = sourcecode.swift; path = CloudServicesUITests.swift; sourceTree = "<group>"; };
		7FC6BF6F2180CACB003A50E2 /* Info.plist */ = {isa = PBXFileReference; lastKnownFileType = text.plist.xml; path = Info.plist; sourceTree = "<group>"; };
		7FC6BF7B2180CDBE003A50E2 /* FilesDelegateDataSource.swift */ = {isa = PBXFileReference; fileEncoding = 4; lastKnownFileType = sourcecode.swift; path = FilesDelegateDataSource.swift; sourceTree = "<group>"; };
		7FC6BF7D2180D0F2003A50E2 /* DropboxFile.swift */ = {isa = PBXFileReference; fileEncoding = 4; lastKnownFileType = sourcecode.swift; path = DropboxFile.swift; sourceTree = "<group>"; };
		7FC6BF812180E4F5003A50E2 /* FilesTree.swift */ = {isa = PBXFileReference; fileEncoding = 4; lastKnownFileType = sourcecode.swift; path = FilesTree.swift; sourceTree = "<group>"; };
		7FC6BF832180EFC5003A50E2 /* FilesListViewController.swift */ = {isa = PBXFileReference; fileEncoding = 4; lastKnownFileType = sourcecode.swift; path = FilesListViewController.swift; sourceTree = "<group>"; };
		7FC91E982181E690008A156C /* CustomCheckbox.swift */ = {isa = PBXFileReference; fileEncoding = 4; lastKnownFileType = sourcecode.swift; path = CustomCheckbox.swift; sourceTree = "<group>"; };
		7FC91E9C2181EDBA008A156C /* unchecked.png */ = {isa = PBXFileReference; lastKnownFileType = image.png; path = unchecked.png; sourceTree = SOURCE_ROOT; };
		7FC91E9E2181EE2E008A156C /* checked.png */ = {isa = PBXFileReference; lastKnownFileType = image.png; path = checked.png; sourceTree = SOURCE_ROOT; };
		7FC91EA02181F6F7008A156C /* FileViewController.swift */ = {isa = PBXFileReference; fileEncoding = 4; lastKnownFileType = sourcecode.swift; path = FileViewController.swift; sourceTree = "<group>"; };
		7FC91EA221826C8B008A156C /* SearchViewController.swift */ = {isa = PBXFileReference; fileEncoding = 4; lastKnownFileType = sourcecode.swift; path = SearchViewController.swift; sourceTree = "<group>"; };
		7FC91EA421827873008A156C /* SearchDelegateDataSource.swift */ = {isa = PBXFileReference; fileEncoding = 4; lastKnownFileType = sourcecode.swift; name = SearchDelegateDataSource.swift; path = ../SearchDelegateDataSource.swift; sourceTree = "<group>"; };
		7FC91EA62182959D008A156C /* folder.png */ = {isa = PBXFileReference; lastKnownFileType = image.png; path = folder.png; sourceTree = SOURCE_ROOT; };
		7FC91EA82182980B008A156C /* dummyFile.jpg */ = {isa = PBXFileReference; lastKnownFileType = image.jpeg; path = dummyFile.jpg; sourceTree = SOURCE_ROOT; };
		9DD52C1B02102F8ABB8A1F6F /* Pods_CloudServices.framework */ = {isa = PBXFileReference; explicitFileType = wrapper.framework; includeInIndex = 0; path = Pods_CloudServices.framework; sourceTree = BUILT_PRODUCTS_DIR; };
		F8272B904E5E4434364D21D6 /* Pods-CloudServices.release.xcconfig */ = {isa = PBXFileReference; includeInIndex = 1; lastKnownFileType = text.xcconfig; name = "Pods-CloudServices.release.xcconfig"; path = "Pods/Target Support Files/Pods-CloudServices/Pods-CloudServices.release.xcconfig"; sourceTree = "<group>"; };
/* End PBXFileReference section */

/* Begin PBXFrameworksBuildPhase section */
		7FC6BF472180CACB003A50E2 /* Frameworks */ = {
			isa = PBXFrameworksBuildPhase;
			buildActionMask = 2147483647;
			files = (
				0E7B5E6CE3BC3F619572730D /* Pods_CloudServices.framework in Frameworks */,
			);
			runOnlyForDeploymentPostprocessing = 0;
		};
		7FC6BF5B2180CACB003A50E2 /* Frameworks */ = {
			isa = PBXFrameworksBuildPhase;
			buildActionMask = 2147483647;
			files = (
			);
			runOnlyForDeploymentPostprocessing = 0;
		};
		7FC6BF662180CACB003A50E2 /* Frameworks */ = {
			isa = PBXFrameworksBuildPhase;
			buildActionMask = 2147483647;
			files = (
			);
			runOnlyForDeploymentPostprocessing = 0;
		};
/* End PBXFrameworksBuildPhase section */

/* Begin PBXGroup section */
		7FC6BF412180CACB003A50E2 = {
			isa = PBXGroup;
			children = (
				7FC6BF4C2180CACB003A50E2 /* CloudServices */,
				7FC6BF612180CACB003A50E2 /* CloudServicesTests */,
				7FC6BF6C2180CACB003A50E2 /* CloudServicesUITests */,
				7FC6BF4B2180CACB003A50E2 /* Products */,
				F8B8EC0E9102A1736493EB0C /* Pods */,
				E32C979763A23EE0717F8D08 /* Frameworks */,
			);
			sourceTree = "<group>";
		};
		7FC6BF4B2180CACB003A50E2 /* Products */ = {
			isa = PBXGroup;
			children = (
				7FC6BF4A2180CACB003A50E2 /* CloudServices.app */,
				7FC6BF5E2180CACB003A50E2 /* CloudServicesTests.xctest */,
				7FC6BF692180CACB003A50E2 /* CloudServicesUITests.xctest */,
			);
			name = Products;
			sourceTree = "<group>";
		};
		7FC6BF4C2180CACB003A50E2 /* CloudServices */ = {
			isa = PBXGroup;
			children = (
				7FC6BF4D2180CACB003A50E2 /* AppDelegate.swift */,
				7FC6BF4F2180CACB003A50E2 /* ViewController.swift */,
				7FC91EA62182959D008A156C /* folder.png */,
				7FC91EA02181F6F7008A156C /* FileViewController.swift */,
				7FC91E9C2181EDBA008A156C /* unchecked.png */,
				7FC91E982181E690008A156C /* CustomCheckbox.swift */,
				7FC91E9E2181EE2E008A156C /* checked.png */,
				7FC6BF832180EFC5003A50E2 /* FilesListViewController.swift */,
				7FC91EA221826C8B008A156C /* SearchViewController.swift */,
				7FC91EA421827873008A156C /* SearchDelegateDataSource.swift */,
				7FC6BF812180E4F5003A50E2 /* FilesTree.swift */,
				7FC6BF7D2180D0F2003A50E2 /* DropboxFile.swift */,
				7FC91EA82182980B008A156C /* dummyFile.jpg */,
				7FC6BF7B2180CDBE003A50E2 /* FilesDelegateDataSource.swift */,
				7FC6BF512180CACB003A50E2 /* Main.storyboard */,
				7FC6BF542180CACB003A50E2 /* Assets.xcassets */,
				7FC6BF562180CACB003A50E2 /* LaunchScreen.storyboard */,
				7FC6BF592180CACB003A50E2 /* Info.plist */,
			);
			path = CloudServices;
			sourceTree = "<group>";
		};
		7FC6BF612180CACB003A50E2 /* CloudServicesTests */ = {
			isa = PBXGroup;
			children = (
				7FC6BF622180CACB003A50E2 /* CloudServicesTests.swift */,
				7FC6BF642180CACB003A50E2 /* Info.plist */,
			);
			path = CloudServicesTests;
			sourceTree = "<group>";
		};
		7FC6BF6C2180CACB003A50E2 /* CloudServicesUITests */ = {
			isa = PBXGroup;
			children = (
				7FC6BF6D2180CACB003A50E2 /* CloudServicesUITests.swift */,
				7FC6BF6F2180CACB003A50E2 /* Info.plist */,
			);
			path = CloudServicesUITests;
			sourceTree = "<group>";
		};
		E32C979763A23EE0717F8D08 /* Frameworks */ = {
			isa = PBXGroup;
			children = (
				9DD52C1B02102F8ABB8A1F6F /* Pods_CloudServices.framework */,
			);
			name = Frameworks;
			sourceTree = "<group>";
		};
		F8B8EC0E9102A1736493EB0C /* Pods */ = {
			isa = PBXGroup;
			children = (
				0E21D4D7CCED4B3A1F1AF29E /* Pods-CloudServices.debug.xcconfig */,
				F8272B904E5E4434364D21D6 /* Pods-CloudServices.release.xcconfig */,
			);
			name = Pods;
			sourceTree = "<group>";
		};
/* End PBXGroup section */

/* Begin PBXNativeTarget section */
		7FC6BF492180CACB003A50E2 /* CloudServices */ = {
			isa = PBXNativeTarget;
			buildConfigurationList = 7FC6BF722180CACB003A50E2 /* Build configuration list for PBXNativeTarget "CloudServices" */;
			buildPhases = (
				0782D907867D1610C0913D68 /* [CP] Check Pods Manifest.lock */,
				7FC6BF462180CACB003A50E2 /* Sources */,
				7FC6BF472180CACB003A50E2 /* Frameworks */,
				7FC6BF482180CACB003A50E2 /* Resources */,
				D7F68FE2C443FEC5544635F5 /* [CP] Embed Pods Frameworks */,
			);
			buildRules = (
			);
			dependencies = (
			);
			name = CloudServices;
			productName = CloudServices;
			productReference = 7FC6BF4A2180CACB003A50E2 /* CloudServices.app */;
			productType = "com.apple.product-type.application";
		};
		7FC6BF5D2180CACB003A50E2 /* CloudServicesTests */ = {
			isa = PBXNativeTarget;
			buildConfigurationList = 7FC6BF752180CACB003A50E2 /* Build configuration list for PBXNativeTarget "CloudServicesTests" */;
			buildPhases = (
				7FC6BF5A2180CACB003A50E2 /* Sources */,
				7FC6BF5B2180CACB003A50E2 /* Frameworks */,
				7FC6BF5C2180CACB003A50E2 /* Resources */,
			);
			buildRules = (
			);
			dependencies = (
				7FC6BF602180CACB003A50E2 /* PBXTargetDependency */,
			);
			name = CloudServicesTests;
			productName = CloudServicesTests;
			productReference = 7FC6BF5E2180CACB003A50E2 /* CloudServicesTests.xctest */;
			productType = "com.apple.product-type.bundle.unit-test";
		};
		7FC6BF682180CACB003A50E2 /* CloudServicesUITests */ = {
			isa = PBXNativeTarget;
			buildConfigurationList = 7FC6BF782180CACB003A50E2 /* Build configuration list for PBXNativeTarget "CloudServicesUITests" */;
			buildPhases = (
				7FC6BF652180CACB003A50E2 /* Sources */,
				7FC6BF662180CACB003A50E2 /* Frameworks */,
				7FC6BF672180CACB003A50E2 /* Resources */,
			);
			buildRules = (
			);
			dependencies = (
				7FC6BF6B2180CACB003A50E2 /* PBXTargetDependency */,
			);
			name = CloudServicesUITests;
			productName = CloudServicesUITests;
			productReference = 7FC6BF692180CACB003A50E2 /* CloudServicesUITests.xctest */;
			productType = "com.apple.product-type.bundle.ui-testing";
		};
/* End PBXNativeTarget section */

/* Begin PBXProject section */
		7FC6BF422180CACB003A50E2 /* Project object */ = {
			isa = PBXProject;
			attributes = {
				LastSwiftUpdateCheck = 0820;
				LastUpgradeCheck = 0820;
				ORGANIZATIONNAME = "Nikolay Taran";
				TargetAttributes = {
					7FC6BF492180CACB003A50E2 = {
						CreatedOnToolsVersion = 8.2.1;
						DevelopmentTeam = 4GZ5T9GPNN;
						ProvisioningStyle = Automatic;
					};
					7FC6BF5D2180CACB003A50E2 = {
						CreatedOnToolsVersion = 8.2.1;
						DevelopmentTeam = 4GZ5T9GPNN;
						ProvisioningStyle = Automatic;
						TestTargetID = 7FC6BF492180CACB003A50E2;
					};
					7FC6BF682180CACB003A50E2 = {
						CreatedOnToolsVersion = 8.2.1;
						DevelopmentTeam = 4GZ5T9GPNN;
						ProvisioningStyle = Automatic;
						TestTargetID = 7FC6BF492180CACB003A50E2;
					};
				};
			};
			buildConfigurationList = 7FC6BF452180CACB003A50E2 /* Build configuration list for PBXProject "CloudServices" */;
			compatibilityVersion = "Xcode 3.2";
			developmentRegion = English;
			hasScannedForEncodings = 0;
			knownRegions = (
				en,
				Base,
			);
			mainGroup = 7FC6BF412180CACB003A50E2;
			productRefGroup = 7FC6BF4B2180CACB003A50E2 /* Products */;
			projectDirPath = "";
			projectRoot = "";
			targets = (
				7FC6BF492180CACB003A50E2 /* CloudServices */,
				7FC6BF5D2180CACB003A50E2 /* CloudServicesTests */,
				7FC6BF682180CACB003A50E2 /* CloudServicesUITests */,
			);
		};
/* End PBXProject section */

/* Begin PBXResourcesBuildPhase section */
		7FC6BF482180CACB003A50E2 /* Resources */ = {
			isa = PBXResourcesBuildPhase;
			buildActionMask = 2147483647;
			files = (
				7FC91EA92182980B008A156C /* dummyFile.jpg in Resources */,
				7FC6BF582180CACB003A50E2 /* LaunchScreen.storyboard in Resources */,
				7FC6BF552180CACB003A50E2 /* Assets.xcassets in Resources */,
				7FC6BF532180CACB003A50E2 /* Main.storyboard in Resources */,
				7FC91E9F2181EE2E008A156C /* checked.png in Resources */,
				7FC91E9D2181EDBA008A156C /* unchecked.png in Resources */,
				7FC91EA72182959D008A156C /* folder.png in Resources */,
			);
			runOnlyForDeploymentPostprocessing = 0;
		};
		7FC6BF5C2180CACB003A50E2 /* Resources */ = {
			isa = PBXResourcesBuildPhase;
			buildActionMask = 2147483647;
			files = (
			);
			runOnlyForDeploymentPostprocessing = 0;
		};
		7FC6BF672180CACB003A50E2 /* Resources */ = {
			isa = PBXResourcesBuildPhase;
			buildActionMask = 2147483647;
			files = (
			);
			runOnlyForDeploymentPostprocessing = 0;
		};
/* End PBXResourcesBuildPhase section */

/* Begin PBXShellScriptBuildPhase section */
		0782D907867D1610C0913D68 /* [CP] Check Pods Manifest.lock */ = {
			isa = PBXShellScriptBuildPhase;
			buildActionMask = 2147483647;
			files = (
			);
			inputPaths = (
				"${PODS_PODFILE_DIR_PATH}/Podfile.lock",
				"${PODS_ROOT}/Manifest.lock",
			);
			name = "[CP] Check Pods Manifest.lock";
			outputPaths = (
				"$(DERIVED_FILE_DIR)/Pods-CloudServices-checkManifestLockResult.txt",
			);
			runOnlyForDeploymentPostprocessing = 0;
			shellPath = /bin/sh;
			shellScript = "diff \"${PODS_PODFILE_DIR_PATH}/Podfile.lock\" \"${PODS_ROOT}/Manifest.lock\" > /dev/null\nif [ $? != 0 ] ; then\n    # print error to STDERR\n    echo \"error: The sandbox is not in sync with the Podfile.lock. Run 'pod install' or update your CocoaPods installation.\" >&2\n    exit 1\nfi\n# This output is used by Xcode 'outputs' to avoid re-running this script phase.\necho \"SUCCESS\" > \"${SCRIPT_OUTPUT_FILE_0}\"\n";
			showEnvVarsInLog = 0;
		};
		D7F68FE2C443FEC5544635F5 /* [CP] Embed Pods Frameworks */ = {
			isa = PBXShellScriptBuildPhase;
			buildActionMask = 2147483647;
			files = (
			);
			inputPaths = (
				"${SRCROOT}/Pods/Target Support Files/Pods-CloudServices/Pods-CloudServices-frameworks.sh",
				"${BUILT_PRODUCTS_DIR}/Alamofire/Alamofire.framework",
				"${BUILT_PRODUCTS_DIR}/SwiftyDropbox/SwiftyDropbox.framework",
			);
			name = "[CP] Embed Pods Frameworks";
			outputPaths = (
				"${TARGET_BUILD_DIR}/${FRAMEWORKS_FOLDER_PATH}/Alamofire.framework",
				"${TARGET_BUILD_DIR}/${FRAMEWORKS_FOLDER_PATH}/SwiftyDropbox.framework",
			);
			runOnlyForDeploymentPostprocessing = 0;
			shellPath = /bin/sh;
			shellScript = "\"${SRCROOT}/Pods/Target Support Files/Pods-CloudServices/Pods-CloudServices-frameworks.sh\"\n";
			showEnvVarsInLog = 0;
		};
/* End PBXShellScriptBuildPhase section */

/* Begin PBXSourcesBuildPhase section */
		7FC6BF462180CACB003A50E2 /* Sources */ = {
			isa = PBXSourcesBuildPhase;
			buildActionMask = 2147483647;
			files = (
				7FC6BF7C2180CDBF003A50E2 /* FilesDelegateDataSource.swift in Sources */,
				7FC6BF502180CACB003A50E2 /* ViewController.swift in Sources */,
				7FC91EA12181F6F7008A156C /* FileViewController.swift in Sources */,
				7FC91EA321826C8B008A156C /* SearchViewController.swift in Sources */,
				7FC6BF7E2180D0F2003A50E2 /* DropboxFile.swift in Sources */,
				7FC6BF4E2180CACB003A50E2 /* AppDelegate.swift in Sources */,
				7FC91E992181E690008A156C /* CustomCheckbox.swift in Sources */,
				7FC6BF842180EFC5003A50E2 /* FilesListViewController.swift in Sources */,
				7FC6BF822180E4F5003A50E2 /* FilesTree.swift in Sources */,
				7FC91EA521827873008A156C /* SearchDelegateDataSource.swift in Sources */,
			);
			runOnlyForDeploymentPostprocessing = 0;
		};
		7FC6BF5A2180CACB003A50E2 /* Sources */ = {
			isa = PBXSourcesBuildPhase;
			buildActionMask = 2147483647;
			files = (
				7FC6BF632180CACB003A50E2 /* CloudServicesTests.swift in Sources */,
			);
			runOnlyForDeploymentPostprocessing = 0;
		};
		7FC6BF652180CACB003A50E2 /* Sources */ = {
			isa = PBXSourcesBuildPhase;
			buildActionMask = 2147483647;
			files = (
				7FC6BF6E2180CACB003A50E2 /* CloudServicesUITests.swift in Sources */,
			);
			runOnlyForDeploymentPostprocessing = 0;
		};
/* End PBXSourcesBuildPhase section */

/* Begin PBXTargetDependency section */
		7FC6BF602180CACB003A50E2 /* PBXTargetDependency */ = {
			isa = PBXTargetDependency;
			target = 7FC6BF492180CACB003A50E2 /* CloudServices */;
			targetProxy = 7FC6BF5F2180CACB003A50E2 /* PBXContainerItemProxy */;
		};
		7FC6BF6B2180CACB003A50E2 /* PBXTargetDependency */ = {
			isa = PBXTargetDependency;
			target = 7FC6BF492180CACB003A50E2 /* CloudServices */;
			targetProxy = 7FC6BF6A2180CACB003A50E2 /* PBXContainerItemProxy */;
		};
/* End PBXTargetDependency section */

/* Begin PBXVariantGroup section */
		7FC6BF512180CACB003A50E2 /* Main.storyboard */ = {
			isa = PBXVariantGroup;
			children = (
				7FC6BF522180CACB003A50E2 /* Base */,
			);
			name = Main.storyboard;
			sourceTree = "<group>";
		};
		7FC6BF562180CACB003A50E2 /* LaunchScreen.storyboard */ = {
			isa = PBXVariantGroup;
			children = (
				7FC6BF572180CACB003A50E2 /* Base */,
			);
			name = LaunchScreen.storyboard;
			sourceTree = "<group>";
		};
/* End PBXVariantGroup section */

/* Begin XCBuildConfiguration section */
		7FC6BF702180CACB003A50E2 /* Debug */ = {
			isa = XCBuildConfiguration;
			buildSettings = {
				ALWAYS_SEARCH_USER_PATHS = NO;
				CLANG_ANALYZER_NONNULL = YES;
				CLANG_CXX_LANGUAGE_STANDARD = "gnu++0x";
				CLANG_CXX_LIBRARY = "libc++";
				CLANG_ENABLE_MODULES = YES;
				CLANG_ENABLE_OBJC_ARC = YES;
				CLANG_WARN_BOOL_CONVERSION = YES;
				CLANG_WARN_CONSTANT_CONVERSION = YES;
				CLANG_WARN_DIRECT_OBJC_ISA_USAGE = YES_ERROR;
				CLANG_WARN_DOCUMENTATION_COMMENTS = YES;
				CLANG_WARN_EMPTY_BODY = YES;
				CLANG_WARN_ENUM_CONVERSION = YES;
				CLANG_WARN_INFINITE_RECURSION = YES;
				CLANG_WARN_INT_CONVERSION = YES;
				CLANG_WARN_OBJC_ROOT_CLASS = YES_ERROR;
				CLANG_WARN_SUSPICIOUS_MOVE = YES;
				CLANG_WARN_UNREACHABLE_CODE = YES;
				CLANG_WARN__DUPLICATE_METHOD_MATCH = YES;
				"CODE_SIGN_IDENTITY[sdk=iphoneos*]" = "iPhone Developer";
				COPY_PHASE_STRIP = NO;
				DEBUG_INFORMATION_FORMAT = dwarf;
				ENABLE_STRICT_OBJC_MSGSEND = YES;
				ENABLE_TESTABILITY = YES;
				GCC_C_LANGUAGE_STANDARD = gnu99;
				GCC_DYNAMIC_NO_PIC = NO;
				GCC_NO_COMMON_BLOCKS = YES;
				GCC_OPTIMIZATION_LEVEL = 0;
				GCC_PREPROCESSOR_DEFINITIONS = (
					"DEBUG=1",
					"$(inherited)",
				);
				GCC_WARN_64_TO_32_BIT_CONVERSION = YES;
				GCC_WARN_ABOUT_RETURN_TYPE = YES_ERROR;
				GCC_WARN_UNDECLARED_SELECTOR = YES;
				GCC_WARN_UNINITIALIZED_AUTOS = YES_AGGRESSIVE;
				GCC_WARN_UNUSED_FUNCTION = YES;
				GCC_WARN_UNUSED_VARIABLE = YES;
				IPHONEOS_DEPLOYMENT_TARGET = 10.2;
				MTL_ENABLE_DEBUG_INFO = YES;
				ONLY_ACTIVE_ARCH = YES;
				SDKROOT = iphoneos;
				SWIFT_ACTIVE_COMPILATION_CONDITIONS = DEBUG;
				SWIFT_OPTIMIZATION_LEVEL = "-Onone";
				TARGETED_DEVICE_FAMILY = "1,2";
			};
			name = Debug;
		};
		7FC6BF712180CACB003A50E2 /* Release */ = {
			isa = XCBuildConfiguration;
			buildSettings = {
				ALWAYS_SEARCH_USER_PATHS = NO;
				CLANG_ANALYZER_NONNULL = YES;
				CLANG_CXX_LANGUAGE_STANDARD = "gnu++0x";
				CLANG_CXX_LIBRARY = "libc++";
				CLANG_ENABLE_MODULES = YES;
				CLANG_ENABLE_OBJC_ARC = YES;
				CLANG_WARN_BOOL_CONVERSION = YES;
				CLANG_WARN_CONSTANT_CONVERSION = YES;
				CLANG_WARN_DIRECT_OBJC_ISA_USAGE = YES_ERROR;
				CLANG_WARN_DOCUMENTATION_COMMENTS = YES;
				CLANG_WARN_EMPTY_BODY = YES;
				CLANG_WARN_ENUM_CONVERSION = YES;
				CLANG_WARN_INFINITE_RECURSION = YES;
				CLANG_WARN_INT_CONVERSION = YES;
				CLANG_WARN_OBJC_ROOT_CLASS = YES_ERROR;
				CLANG_WARN_SUSPICIOUS_MOVE = YES;
				CLANG_WARN_UNREACHABLE_CODE = YES;
				CLANG_WARN__DUPLICATE_METHOD_MATCH = YES;
				"CODE_SIGN_IDENTITY[sdk=iphoneos*]" = "iPhone Developer";
				COPY_PHASE_STRIP = NO;
				DEBUG_INFORMATION_FORMAT = "dwarf-with-dsym";
				ENABLE_NS_ASSERTIONS = NO;
				ENABLE_STRICT_OBJC_MSGSEND = YES;
				GCC_C_LANGUAGE_STANDARD = gnu99;
				GCC_NO_COMMON_BLOCKS = YES;
				GCC_WARN_64_TO_32_BIT_CONVERSION = YES;
				GCC_WARN_ABOUT_RETURN_TYPE = YES_ERROR;
				GCC_WARN_UNDECLARED_SELECTOR = YES;
				GCC_WARN_UNINITIALIZED_AUTOS = YES_AGGRESSIVE;
				GCC_WARN_UNUSED_FUNCTION = YES;
				GCC_WARN_UNUSED_VARIABLE = YES;
				IPHONEOS_DEPLOYMENT_TARGET = 10.2;
				MTL_ENABLE_DEBUG_INFO = NO;
				SDKROOT = iphoneos;
				SWIFT_OPTIMIZATION_LEVEL = "-Owholemodule";
				TARGETED_DEVICE_FAMILY = "1,2";
				VALIDATE_PRODUCT = YES;
			};
			name = Release;
		};
		7FC6BF732180CACB003A50E2 /* Debug */ = {
			isa = XCBuildConfiguration;
			baseConfigurationReference = 0E21D4D7CCED4B3A1F1AF29E /* Pods-CloudServices.debug.xcconfig */;
			buildSettings = {
				ASSETCATALOG_COMPILER_APPICON_NAME = AppIcon;
				DEVELOPMENT_TEAM = 4GZ5T9GPNN;
				INFOPLIST_FILE = CloudServices/Info.plist;
				LD_RUNPATH_SEARCH_PATHS = "$(inherited) @executable_path/Frameworks";
				PRODUCT_BUNDLE_IDENTIFIER = com.mckayne.CloudServices;
				PRODUCT_NAME = "$(TARGET_NAME)";
				SWIFT_VERSION = 3.0;
			};
			name = Debug;
		};
		7FC6BF742180CACB003A50E2 /* Release */ = {
			isa = XCBuildConfiguration;
			baseConfigurationReference = F8272B904E5E4434364D21D6 /* Pods-CloudServices.release.xcconfig */;
			buildSettings = {
				ASSETCATALOG_COMPILER_APPICON_NAME = AppIcon;
				DEVELOPMENT_TEAM = 4GZ5T9GPNN;
				INFOPLIST_FILE = CloudServices/Info.plist;
				LD_RUNPATH_SEARCH_PATHS = "$(inherited) @executable_path/Frameworks";
				PRODUCT_BUNDLE_IDENTIFIER = com.mckayne.CloudServices;
				PRODUCT_NAME = "$(TARGET_NAME)";
				SWIFT_VERSION = 3.0;
			};
			name = Release;
		};
		7FC6BF762180CACB003A50E2 /* Debug */ = {
			isa = XCBuildConfiguration;
			buildSettings = {
				ALWAYS_EMBED_SWIFT_STANDARD_LIBRARIES = YES;
				BUNDLE_LOADER = "$(TEST_HOST)";
				DEVELOPMENT_TEAM = 4GZ5T9GPNN;
				INFOPLIST_FILE = CloudServicesTests/Info.plist;
				LD_RUNPATH_SEARCH_PATHS = "$(inherited) @executable_path/Frameworks @loader_path/Frameworks";
				PRODUCT_BUNDLE_IDENTIFIER = com.mckayne.CloudServicesTests;
				PRODUCT_NAME = "$(TARGET_NAME)";
				SWIFT_VERSION = 3.0;
				TEST_HOST = "$(BUILT_PRODUCTS_DIR)/CloudServices.app/CloudServices";
			};
			name = Debug;
		};
		7FC6BF772180CACB003A50E2 /* Release */ = {
			isa = XCBuildConfiguration;
			buildSettings = {
				ALWAYS_EMBED_SWIFT_STANDARD_LIBRARIES = YES;
				BUNDLE_LOADER = "$(TEST_HOST)";
				DEVELOPMENT_TEAM = 4GZ5T9GPNN;
				INFOPLIST_FILE = CloudServicesTests/Info.plist;
				LD_RUNPATH_SEARCH_PATHS = "$(inherited) @executable_path/Frameworks @loader_path/Frameworks";
				PRODUCT_BUNDLE_IDENTIFIER = com.mckayne.CloudServicesTests;
				PRODUCT_NAME = "$(TARGET_NAME)";
				SWIFT_VERSION = 3.0;
				TEST_HOST = "$(BUILT_PRODUCTS_DIR)/CloudServices.app/CloudServices";
			};
			name = Release;
		};
		7FC6BF792180CACB003A50E2 /* Debug */ = {
			isa = XCBuildConfiguration;
			buildSettings = {
				ALWAYS_EMBED_SWIFT_STANDARD_LIBRARIES = YES;
				DEVELOPMENT_TEAM = 4GZ5T9GPNN;
				INFOPLIST_FILE = CloudServicesUITests/Info.plist;
				LD_RUNPATH_SEARCH_PATHS = "$(inherited) @executable_path/Frameworks @loader_path/Frameworks";
				PRODUCT_BUNDLE_IDENTIFIER = com.mckayne.CloudServicesUITests;
				PRODUCT_NAME = "$(TARGET_NAME)";
				SWIFT_VERSION = 3.0;
				TEST_TARGET_NAME = CloudServices;
			};
			name = Debug;
		};
		7FC6BF7A2180CACB003A50E2 /* Release */ = {
			isa = XCBuildConfiguration;
			buildSettings = {
				ALWAYS_EMBED_SWIFT_STANDARD_LIBRARIES = YES;
				DEVELOPMENT_TEAM = 4GZ5T9GPNN;
				INFOPLIST_FILE = CloudServicesUITests/Info.plist;
				LD_RUNPATH_SEARCH_PATHS = "$(inherited) @executable_path/Frameworks @loader_path/Frameworks";
				PRODUCT_BUNDLE_IDENTIFIER = com.mckayne.CloudServicesUITests;
				PRODUCT_NAME = "$(TARGET_NAME)";
				SWIFT_VERSION = 3.0;
				TEST_TARGET_NAME = CloudServices;
			};
			name = Release;
		};
/* End XCBuildConfiguration section */

/* Begin XCConfigurationList section */
		7FC6BF452180CACB003A50E2 /* Build configuration list for PBXProject "CloudServices" */ = {
			isa = XCConfigurationList;
			buildConfigurations = (
				7FC6BF702180CACB003A50E2 /* Debug */,
				7FC6BF712180CACB003A50E2 /* Release */,
			);
			defaultConfigurationIsVisible = 0;
			defaultConfigurationName = Release;
		};
		7FC6BF722180CACB003A50E2 /* Build configuration list for PBXNativeTarget "CloudServices" */ = {
			isa = XCConfigurationList;
			buildConfigurations = (
				7FC6BF732180CACB003A50E2 /* Debug */,
				7FC6BF742180CACB003A50E2 /* Release */,
			);
			defaultConfigurationIsVisible = 0;
			defaultConfigurationName = Release;
		};
		7FC6BF752180CACB003A50E2 /* Build configuration list for PBXNativeTarget "CloudServicesTests" */ = {
			isa = XCConfigurationList;
			buildConfigurations = (
				7FC6BF762180CACB003A50E2 /* Debug */,
				7FC6BF772180CACB003A50E2 /* Release */,
			);
			defaultConfigurationIsVisible = 0;
			defaultConfigurationName = Release;
		};
		7FC6BF782180CACB003A50E2 /* Build configuration list for PBXNativeTarget "CloudServicesUITests" */ = {
			isa = XCConfigurationList;
			buildConfigurations = (
				7FC6BF792180CACB003A50E2 /* Debug */,
				7FC6BF7A2180CACB003A50E2 /* Release */,
			);
			defaultConfigurationIsVisible = 0;
			defaultConfigurationName = Release;
		};
/* End XCConfigurationList section */
	};
	rootObject = 7FC6BF422180CACB003A50E2 /* Project object */;
}
